
Microsoft Visual Studio Solution File, Format Version 12.00
# Visual Studio Version 17
VisualStudioVersion = 17.1.32421.90
MinimumVisualStudioVersion = 10.0.40219.1
Project("{2150E333-8FDC-42A3-9474-1A3956D46DE8}") = "BackEnd", "BackEnd", "{6E126125-5C5C-4233-8094-090D8485A69E}"
EndProject
Project("{9A19103F-16F7-4668-BE54-9A1E7A4F7556}") = "LibraryToDocs.WebAPI", "LibraryToDocs.WebAPI\LibraryToDocs.WebAPI.csproj", "{178A2176-3D84-4A65-8E7F-52FFD61A3FCD}"
EndProject
Project("{2150E333-8FDC-42A3-9474-1A3956D46DE8}") = "FronEnd", "FronEnd", "{1CE90A73-C09C-46F8-A934-E91E4716F6AA}"
EndProject
Global
	GlobalSection(SolutionConfigurationPlatforms) = preSolution
		Debug|Any CPU = Debug|Any CPU
		Release|Any CPU = Release|Any CPU
	EndGlobalSection
	GlobalSection(ProjectConfigurationPlatforms) = postSolution
		{178A2176-3D84-4A65-8E7F-52FFD61A3FCD}.Debug|Any CPU.ActiveCfg = Debug|Any CPU
		{178A2176-3D84-4A65-8E7F-52FFD61A3FCD}.Debug|Any CPU.Build.0 = Debug|Any CPU
		{178A2176-3D84-4A65-8E7F-52FFD61A3FCD}.Release|Any CPU.ActiveCfg = Release|Any CPU
		{178A2176-3D84-4A65-8E7F-52FFD61A3FCD}.Release|Any CPU.Build.0 = Release|Any CPU
	EndGlobalSection
	GlobalSection(SolutionProperties) = preSolution
		HideSolutionNode = FALSE
	EndGlobalSection
	GlobalSection(NestedProjects) = preSolution
		{178A2176-3D84-4A65-8E7F-52FFD61A3FCD} = {6E126125-5C5C-4233-8094-090D8485A69E}
	EndGlobalSection
	GlobalSection(ExtensibilityGlobals) = postSolution
		SolutionGuid = {5A325E2B-7E25-433D-AD19-6F033D273FA4}
	EndGlobalSection
EndGlobal
