
Microsoft Visual Studio Solution File, Format Version 12.00
# Visual Studio Version 17
VisualStudioVersion = 17.1.32421.90
MinimumVisualStudioVersion = 10.0.40219.1
Project("{9A19103F-16F7-4668-BE54-9A1E7A4F7556}") = "LibraryToDocs.API", "LibraryToDocs.API\LibraryToDocs.API.csproj", "{A45697B8-8E3C-4EB0-946F-F29EB3853026}"
EndProject
Project("{9A19103F-16F7-4668-BE54-9A1E7A4F7556}") = "LibraryToDocs.Model", "LibraryToDocs.Model\LibraryToDocs.Model.csproj", "{026D7EEC-D321-4A2A-A145-9E3B0BEAE922}"
EndProject
Project("{FAE04EC0-301F-11D3-BF4B-00C04F79EFBC}") = "LibraryToDocs.Configurations", "LibraryToDocs.Configurations\LibraryToDocs.Configurations.csproj", "{A1E159BA-377E-4670-AABF-5BF220A5D7CF}"
EndProject
Project("{FAE04EC0-301F-11D3-BF4B-00C04F79EFBC}") = "LibraryToDocs.Data", "LibraryToDocs.Data\LibraryToDocs.Data.csproj", "{C5424F4D-0695-4DF5-874F-C911E6D1D4E5}"
EndProject
Project("{FAE04EC0-301F-11D3-BF4B-00C04F79EFBC}") = "LibraryToDoc.Service", "LibraryToDoc.Service\LibraryToDoc.Service.csproj", "{158C994E-80A8-4FA0-B7DD-C88A61A8213D}"
EndProject
Project("{2150E333-8FDC-42A3-9474-1A3956D46DE8}") = "BackEnd", "BackEnd", "{6E126125-5C5C-4233-8094-090D8485A69E}"
EndProject
Global
	GlobalSection(SolutionConfigurationPlatforms) = preSolution
		Debug|Any CPU = Debug|Any CPU
		Release|Any CPU = Release|Any CPU
	EndGlobalSection
	GlobalSection(ProjectConfigurationPlatforms) = postSolution
		{A45697B8-8E3C-4EB0-946F-F29EB3853026}.Debug|Any CPU.ActiveCfg = Debug|Any CPU
		{A45697B8-8E3C-4EB0-946F-F29EB3853026}.Debug|Any CPU.Build.0 = Debug|Any CPU
		{A45697B8-8E3C-4EB0-946F-F29EB3853026}.Release|Any CPU.ActiveCfg = Release|Any CPU
		{A45697B8-8E3C-4EB0-946F-F29EB3853026}.Release|Any CPU.Build.0 = Release|Any CPU
		{026D7EEC-D321-4A2A-A145-9E3B0BEAE922}.Debug|Any CPU.ActiveCfg = Debug|Any CPU
		{026D7EEC-D321-4A2A-A145-9E3B0BEAE922}.Debug|Any CPU.Build.0 = Debug|Any CPU
		{026D7EEC-D321-4A2A-A145-9E3B0BEAE922}.Release|Any CPU.ActiveCfg = Release|Any CPU
		{026D7EEC-D321-4A2A-A145-9E3B0BEAE922}.Release|Any CPU.Build.0 = Release|Any CPU
		{A1E159BA-377E-4670-AABF-5BF220A5D7CF}.Debug|Any CPU.ActiveCfg = Debug|Any CPU
		{A1E159BA-377E-4670-AABF-5BF220A5D7CF}.Debug|Any CPU.Build.0 = Debug|Any CPU
		{A1E159BA-377E-4670-AABF-5BF220A5D7CF}.Release|Any CPU.ActiveCfg = Release|Any CPU
		{A1E159BA-377E-4670-AABF-5BF220A5D7CF}.Release|Any CPU.Build.0 = Release|Any CPU
		{C5424F4D-0695-4DF5-874F-C911E6D1D4E5}.Debug|Any CPU.ActiveCfg = Debug|Any CPU
		{C5424F4D-0695-4DF5-874F-C911E6D1D4E5}.Debug|Any CPU.Build.0 = Debug|Any CPU
		{C5424F4D-0695-4DF5-874F-C911E6D1D4E5}.Release|Any CPU.ActiveCfg = Release|Any CPU
		{C5424F4D-0695-4DF5-874F-C911E6D1D4E5}.Release|Any CPU.Build.0 = Release|Any CPU
		{158C994E-80A8-4FA0-B7DD-C88A61A8213D}.Debug|Any CPU.ActiveCfg = Debug|Any CPU
		{158C994E-80A8-4FA0-B7DD-C88A61A8213D}.Debug|Any CPU.Build.0 = Debug|Any CPU
		{158C994E-80A8-4FA0-B7DD-C88A61A8213D}.Release|Any CPU.ActiveCfg = Release|Any CPU
		{158C994E-80A8-4FA0-B7DD-C88A61A8213D}.Release|Any CPU.Build.0 = Release|Any CPU
	EndGlobalSection
	GlobalSection(SolutionProperties) = preSolution
		HideSolutionNode = FALSE
	EndGlobalSection
	GlobalSection(NestedProjects) = preSolution
		{A45697B8-8E3C-4EB0-946F-F29EB3853026} = {6E126125-5C5C-4233-8094-090D8485A69E}
		{026D7EEC-D321-4A2A-A145-9E3B0BEAE922} = {6E126125-5C5C-4233-8094-090D8485A69E}
		{A1E159BA-377E-4670-AABF-5BF220A5D7CF} = {6E126125-5C5C-4233-8094-090D8485A69E}
		{C5424F4D-0695-4DF5-874F-C911E6D1D4E5} = {6E126125-5C5C-4233-8094-090D8485A69E}
		{158C994E-80A8-4FA0-B7DD-C88A61A8213D} = {6E126125-5C5C-4233-8094-090D8485A69E}
	EndGlobalSection
	GlobalSection(ExtensibilityGlobals) = postSolution
		SolutionGuid = {5A325E2B-7E25-433D-AD19-6F033D273FA4}
	EndGlobalSection
EndGlobal
